
Microsoft Visual Studio Solution File, Format Version 12.00
# Visual Studio Version 16
VisualStudioVersion = 16.0.31727.386
MinimumVisualStudioVersion = 10.0.40219.1
Project("{FAE04EC0-301F-11D3-BF4B-00C04F79EFBC}") = "blog-site", "blog-site\blog-site.csproj", "{F2EF6EE3-A77D-46DF-9ECA-4DBE591762CC}"
EndProject
Project("{FAE04EC0-301F-11D3-BF4B-00C04F79EFBC}") = "BlogBusinessLogic", "BlogBusinessLogic\BlogBusinessLogic.csproj", "{9E5CB7EB-7B29-4134-8FEC-7424C759639C}"
EndProject
Global
	GlobalSection(SolutionConfigurationPlatforms) = preSolution
		Debug|Any CPU = Debug|Any CPU
		Release|Any CPU = Release|Any CPU
	EndGlobalSection
	GlobalSection(ProjectConfigurationPlatforms) = postSolution
		{F2EF6EE3-A77D-46DF-9ECA-4DBE591762CC}.Debug|Any CPU.ActiveCfg = Debug|Any CPU
		{F2EF6EE3-A77D-46DF-9ECA-4DBE591762CC}.Debug|Any CPU.Build.0 = Debug|Any CPU
		{F2EF6EE3-A77D-46DF-9ECA-4DBE591762CC}.Release|Any CPU.ActiveCfg = Release|Any CPU
		{F2EF6EE3-A77D-46DF-9ECA-4DBE591762CC}.Release|Any CPU.Build.0 = Release|Any CPU
		{9E5CB7EB-7B29-4134-8FEC-7424C759639C}.Debug|Any CPU.ActiveCfg = Debug|Any CPU
		{9E5CB7EB-7B29-4134-8FEC-7424C759639C}.Debug|Any CPU.Build.0 = Debug|Any CPU
		{9E5CB7EB-7B29-4134-8FEC-7424C759639C}.Release|Any CPU.ActiveCfg = Release|Any CPU
		{9E5CB7EB-7B29-4134-8FEC-7424C759639C}.Release|Any CPU.Build.0 = Release|Any CPU
	EndGlobalSection
	GlobalSection(SolutionProperties) = preSolution
		HideSolutionNode = FALSE
	EndGlobalSection
	GlobalSection(ExtensibilityGlobals) = postSolution
		SolutionGuid = {33EDDC95-0612-4EAF-B81F-916002578E6B}
	EndGlobalSection
EndGlobal
